
Microsoft Visual Studio Solution File, Format Version 12.00
# Visual Studio Version 16
VisualStudioVersion = 16.0.32126.315
MinimumVisualStudioVersion = 10.0.40219.1
Project("{FAE04EC0-301F-11D3-BF4B-00C04F79EFBC}") = "PROG_POE_02", "PROG_POE_02\PROG_POE_02.csproj", "{2711744F-4FCB-49E5-8BDC-CC146105B54E}"
EndProject
Global
	GlobalSection(SolutionConfigurationPlatforms) = preSolution
		Debug|Any CPU = Debug|Any CPU
		Release|Any CPU = Release|Any CPU
	EndGlobalSection
	GlobalSection(ProjectConfigurationPlatforms) = postSolution
		{2711744F-4FCB-49E5-8BDC-CC146105B54E}.Debug|Any CPU.ActiveCfg = Debug|Any CPU
		{2711744F-4FCB-49E5-8BDC-CC146105B54E}.Debug|Any CPU.Build.0 = Debug|Any CPU
		{2711744F-4FCB-49E5-8BDC-CC146105B54E}.Release|Any CPU.ActiveCfg = Release|Any CPU
		{2711744F-4FCB-49E5-8BDC-CC146105B54E}.Release|Any CPU.Build.0 = Release|Any CPU
	EndGlobalSection
	GlobalSection(SolutionProperties) = preSolution
		HideSolutionNode = FALSE
	EndGlobalSection
	GlobalSection(ExtensibilityGlobals) = postSolution
		SolutionGuid = {2EBD89F5-8AF6-49EB-B658-1C53C6937BCD}
	EndGlobalSection
EndGlobal
